
Microsoft Visual Studio Solution File, Format Version 12.00
# Visual Studio Version 17
VisualStudioVersion = 17.11.35327.3
MinimumVisualStudioVersion = 10.0.40219.1
Project("{9A19103F-16F7-4668-BE54-9A1E7A4F7556}") = "LibraryWebApplication.Server", "LibraryWebApplication.Server\LibraryWebApplication.Server.csproj", "{0EB30986-BEBF-4527-A229-DDF1278ADC1C}"
EndProject
Project("{54A90642-561A-4BB1-A94E-469ADEE60C69}") = "librarywebapplication.client", "librarywebapplication.client\librarywebapplication.client.esproj", "{86B59EBC-C9A9-4B00-905C-D8B4A32EA27E}"
EndProject
Project("{9A19103F-16F7-4668-BE54-9A1E7A4F7556}") = "LibraryWebApplication.Core", "LibraryWebApplication.Core\LibraryWebApplication.Core.csproj", "{A69BD012-6B20-46C0-AB0B-505E9ED25ACB}"
EndProject
Project("{9A19103F-16F7-4668-BE54-9A1E7A4F7556}") = "LibraryWebApplication.Application", "LibraryWebApplication.Application\LibraryWebApplication.Application.csproj", "{195DB520-20DA-4F79-8DCC-C9CF937D2D0D}"
	ProjectSection(ProjectDependencies) = postProject
		{A69BD012-6B20-46C0-AB0B-505E9ED25ACB} = {A69BD012-6B20-46C0-AB0B-505E9ED25ACB}
	EndProjectSection
EndProject
Project("{9A19103F-16F7-4668-BE54-9A1E7A4F7556}") = "LibraryWebApplication.Infrastructure", "LibraryWebApplication.Infrastructure\LibraryWebApplication.Infrastructure.csproj", "{496836A7-E093-4888-AB88-03E855411839}"
	ProjectSection(ProjectDependencies) = postProject
		{195DB520-20DA-4F79-8DCC-C9CF937D2D0D} = {195DB520-20DA-4F79-8DCC-C9CF937D2D0D}
	EndProjectSection
EndProject
Project("{2150E333-8FDC-42A3-9474-1A3956D46DE8}") = "Tests", "Tests", "{2182363A-8242-445B-A495-A5C8796741E2}"
EndProject
Project("{FAE04EC0-301F-11D3-BF4B-00C04F79EFBC}") = "LibraryWebApplication.Infrastructure.Tests", "Test\LibraryWebApplication.Infrastructure.Tests\LibraryWebApplication.Infrastructure.Tests.csproj", "{80E2A23B-EE51-413A-91E9-E29027DCA130}"
EndProject
Project("{FAE04EC0-301F-11D3-BF4B-00C04F79EFBC}") = "LibraryWebApplication.Application.Tests", "LibraryWebApplication.Application.Tests\LibraryWebApplication.Application.Tests.csproj", "{8252EBE9-5948-4658-A7E2-EF27AA91C3C7}"
EndProject
Global
	GlobalSection(SolutionConfigurationPlatforms) = preSolution
		Debug|Any CPU = Debug|Any CPU
		Release|Any CPU = Release|Any CPU
	EndGlobalSection
	GlobalSection(ProjectConfigurationPlatforms) = postSolution
		{0EB30986-BEBF-4527-A229-DDF1278ADC1C}.Debug|Any CPU.ActiveCfg = Debug|Any CPU
		{0EB30986-BEBF-4527-A229-DDF1278ADC1C}.Debug|Any CPU.Build.0 = Debug|Any CPU
		{0EB30986-BEBF-4527-A229-DDF1278ADC1C}.Release|Any CPU.ActiveCfg = Release|Any CPU
		{0EB30986-BEBF-4527-A229-DDF1278ADC1C}.Release|Any CPU.Build.0 = Release|Any CPU
		{86B59EBC-C9A9-4B00-905C-D8B4A32EA27E}.Debug|Any CPU.ActiveCfg = Debug|Any CPU
		{86B59EBC-C9A9-4B00-905C-D8B4A32EA27E}.Debug|Any CPU.Build.0 = Debug|Any CPU
		{86B59EBC-C9A9-4B00-905C-D8B4A32EA27E}.Debug|Any CPU.Deploy.0 = Debug|Any CPU
		{86B59EBC-C9A9-4B00-905C-D8B4A32EA27E}.Release|Any CPU.ActiveCfg = Release|Any CPU
		{86B59EBC-C9A9-4B00-905C-D8B4A32EA27E}.Release|Any CPU.Build.0 = Release|Any CPU
		{86B59EBC-C9A9-4B00-905C-D8B4A32EA27E}.Release|Any CPU.Deploy.0 = Release|Any CPU
		{A69BD012-6B20-46C0-AB0B-505E9ED25ACB}.Debug|Any CPU.ActiveCfg = Debug|Any CPU
		{A69BD012-6B20-46C0-AB0B-505E9ED25ACB}.Debug|Any CPU.Build.0 = Debug|Any CPU
		{A69BD012-6B20-46C0-AB0B-505E9ED25ACB}.Release|Any CPU.ActiveCfg = Release|Any CPU
		{A69BD012-6B20-46C0-AB0B-505E9ED25ACB}.Release|Any CPU.Build.0 = Release|Any CPU
		{195DB520-20DA-4F79-8DCC-C9CF937D2D0D}.Debug|Any CPU.ActiveCfg = Debug|Any CPU
		{195DB520-20DA-4F79-8DCC-C9CF937D2D0D}.Debug|Any CPU.Build.0 = Debug|Any CPU
		{195DB520-20DA-4F79-8DCC-C9CF937D2D0D}.Release|Any CPU.ActiveCfg = Release|Any CPU
		{195DB520-20DA-4F79-8DCC-C9CF937D2D0D}.Release|Any CPU.Build.0 = Release|Any CPU
		{496836A7-E093-4888-AB88-03E855411839}.Debug|Any CPU.ActiveCfg = Debug|Any CPU
		{496836A7-E093-4888-AB88-03E855411839}.Debug|Any CPU.Build.0 = Debug|Any CPU
		{496836A7-E093-4888-AB88-03E855411839}.Release|Any CPU.ActiveCfg = Release|Any CPU
		{496836A7-E093-4888-AB88-03E855411839}.Release|Any CPU.Build.0 = Release|Any CPU
		{80E2A23B-EE51-413A-91E9-E29027DCA130}.Debug|Any CPU.ActiveCfg = Debug|Any CPU
		{80E2A23B-EE51-413A-91E9-E29027DCA130}.Debug|Any CPU.Build.0 = Debug|Any CPU
		{80E2A23B-EE51-413A-91E9-E29027DCA130}.Release|Any CPU.ActiveCfg = Release|Any CPU
		{80E2A23B-EE51-413A-91E9-E29027DCA130}.Release|Any CPU.Build.0 = Release|Any CPU
		{8252EBE9-5948-4658-A7E2-EF27AA91C3C7}.Debug|Any CPU.ActiveCfg = Debug|Any CPU
		{8252EBE9-5948-4658-A7E2-EF27AA91C3C7}.Debug|Any CPU.Build.0 = Debug|Any CPU
		{8252EBE9-5948-4658-A7E2-EF27AA91C3C7}.Release|Any CPU.ActiveCfg = Release|Any CPU
		{8252EBE9-5948-4658-A7E2-EF27AA91C3C7}.Release|Any CPU.Build.0 = Release|Any CPU
	EndGlobalSection
	GlobalSection(SolutionProperties) = preSolution
		HideSolutionNode = FALSE
	EndGlobalSection
	GlobalSection(NestedProjects) = preSolution
		{80E2A23B-EE51-413A-91E9-E29027DCA130} = {2182363A-8242-445B-A495-A5C8796741E2}
		{8252EBE9-5948-4658-A7E2-EF27AA91C3C7} = {2182363A-8242-445B-A495-A5C8796741E2}
	EndGlobalSection
	GlobalSection(ExtensibilityGlobals) = postSolution
		SolutionGuid = {71241DFF-38EF-4D4B-86AC-FE7D9E4D111A}
	EndGlobalSection
EndGlobal
